
Microsoft Visual Studio Solution File, Format Version 12.00
# Visual Studio Version 17
VisualStudioVersion = 17.6.33723.286
MinimumVisualStudioVersion = 10.0.40219.1
Project("{FAE04EC0-301F-11D3-BF4B-00C04F79EFBC}") = "PinewoodCustomerApp", "PinewoodCustomerApp\PinewoodCustomerApp.csproj", "{E8F9E08E-5B74-4DB9-B910-AF7D9D0AF4DA}"
EndProject
Project("{FAE04EC0-301F-11D3-BF4B-00C04F79EFBC}") = "PinewoodCustomerApi", "PinewoodCustomerApi\PinewoodCustomerApi.csproj", "{4BB7C284-5CFA-4740-937C-C6436C08FF5C}"
EndProject
Global
	GlobalSection(SolutionConfigurationPlatforms) = preSolution
		Debug|Any CPU = Debug|Any CPU
		Release|Any CPU = Release|Any CPU
	EndGlobalSection
	GlobalSection(ProjectConfigurationPlatforms) = postSolution
		{E8F9E08E-5B74-4DB9-B910-AF7D9D0AF4DA}.Debug|Any CPU.ActiveCfg = Debug|Any CPU
		{E8F9E08E-5B74-4DB9-B910-AF7D9D0AF4DA}.Debug|Any CPU.Build.0 = Debug|Any CPU
		{E8F9E08E-5B74-4DB9-B910-AF7D9D0AF4DA}.Release|Any CPU.ActiveCfg = Release|Any CPU
		{E8F9E08E-5B74-4DB9-B910-AF7D9D0AF4DA}.Release|Any CPU.Build.0 = Release|Any CPU
		{4BB7C284-5CFA-4740-937C-C6436C08FF5C}.Debug|Any CPU.ActiveCfg = Debug|Any CPU
		{4BB7C284-5CFA-4740-937C-C6436C08FF5C}.Debug|Any CPU.Build.0 = Debug|Any CPU
		{4BB7C284-5CFA-4740-937C-C6436C08FF5C}.Release|Any CPU.ActiveCfg = Release|Any CPU
		{4BB7C284-5CFA-4740-937C-C6436C08FF5C}.Release|Any CPU.Build.0 = Release|Any CPU
	EndGlobalSection
	GlobalSection(SolutionProperties) = preSolution
		HideSolutionNode = FALSE
	EndGlobalSection
	GlobalSection(ExtensibilityGlobals) = postSolution
		SolutionGuid = {8752494A-EA8F-4710-AE3A-17D10BBE86EF}
	EndGlobalSection
EndGlobal
